// !$*UTF8*$!
{
	archiveVersion = 1;
	classes = {
	};
	objectVersion = 50;
	objects = {

/* Begin PBXBuildFile section */
		21A1D0D021AC48DA00FC7B8E /* AppDelegate.swift in Sources */ = {isa = PBXBuildFile; fileRef = 21A1D0CF21AC48DA00FC7B8E /* AppDelegate.swift */; };
		21A1D0D221AC48DA00FC7B8E /* ViewController.swift in Sources */ = {isa = PBXBuildFile; fileRef = 21A1D0D121AC48DA00FC7B8E /* ViewController.swift */; };
		21A1D0D521AC48DA00FC7B8E /* Main.storyboard in Resources */ = {isa = PBXBuildFile; fileRef = 21A1D0D321AC48DA00FC7B8E /* Main.storyboard */; };
		21A1D0D721AC48DE00FC7B8E /* Assets.xcassets in Resources */ = {isa = PBXBuildFile; fileRef = 21A1D0D621AC48DE00FC7B8E /* Assets.xcassets */; };
		21A1D0DA21AC48DE00FC7B8E /* LaunchScreen.storyboard in Resources */ = {isa = PBXBuildFile; fileRef = 21A1D0D821AC48DE00FC7B8E /* LaunchScreen.storyboard */; };
		21A1D0E521AC48DE00FC7B8E /* DataAppTests.swift in Sources */ = {isa = PBXBuildFile; fileRef = 21A1D0E421AC48DE00FC7B8E /* DataAppTests.swift */; };
		21A1D0F021AC48DE00FC7B8E /* DataAppUITests.swift in Sources */ = {isa = PBXBuildFile; fileRef = 21A1D0EF21AC48DE00FC7B8E /* DataAppUITests.swift */; };
/* End PBXBuildFile section */

/* Begin PBXContainerItemProxy section */
		21A1D0E121AC48DE00FC7B8E /* PBXContainerItemProxy */ = {
			isa = PBXContainerItemProxy;
			containerPortal = 21A1D0C421AC48DA00FC7B8E /* Project object */;
			proxyType = 1;
			remoteGlobalIDString = 21A1D0CB21AC48DA00FC7B8E;
			remoteInfo = DataApp;
		};
		21A1D0EC21AC48DE00FC7B8E /* PBXContainerItemProxy */ = {
			isa = PBXContainerItemProxy;
			containerPortal = 21A1D0C421AC48DA00FC7B8E /* Project object */;
			proxyType = 1;
			remoteGlobalIDString = 21A1D0CB21AC48DA00FC7B8E;
			remoteInfo = DataApp;
		};
/* End PBXContainerItemProxy section */

/* Begin PBXFileReference section */
		21A1D0CC21AC48DA00FC7B8E /* DataApp.app */ = {isa = PBXFileReference; explicitFileType = wrapper.application; includeInIndex = 0; path = DataApp.app; sourceTree = BUILT_PRODUCTS_DIR; };
		21A1D0CF21AC48DA00FC7B8E /* AppDelegate.swift */ = {isa = PBXFileReference; lastKnownFileType = sourcecode.swift; path = AppDelegate.swift; sourceTree = "<group>"; };
		21A1D0D121AC48DA00FC7B8E /* ViewController.swift */ = {isa = PBXFileReference; lastKnownFileType = sourcecode.swift; path = ViewController.swift; sourceTree = "<group>"; };
		21A1D0D421AC48DA00FC7B8E /* Base */ = {isa = PBXFileReference; lastKnownFileType = file.storyboard; name = Base; path = Base.lproj/Main.storyboard; sourceTree = "<group>"; };
		21A1D0D621AC48DE00FC7B8E /* Assets.xcassets */ = {isa = PBXFileReference; lastKnownFileType = folder.assetcatalog; path = Assets.xcassets; sourceTree = "<group>"; };
		21A1D0D921AC48DE00FC7B8E /* Base */ = {isa = PBXFileReference; lastKnownFileType = file.storyboard; name = Base; path = Base.lproj/LaunchScreen.storyboard; sourceTree = "<group>"; };
		21A1D0DB21AC48DE00FC7B8E /* Info.plist */ = {isa = PBXFileReference; lastKnownFileType = text.plist.xml; path = Info.plist; sourceTree = "<group>"; };
		21A1D0E021AC48DE00FC7B8E /* DataAppTests.xctest */ = {isa = PBXFileReference; explicitFileType = wrapper.cfbundle; includeInIndex = 0; path = DataAppTests.xctest; sourceTree = BUILT_PRODUCTS_DIR; };
		21A1D0E421AC48DE00FC7B8E /* DataAppTests.swift */ = {isa = PBXFileReference; lastKnownFileType = sourcecode.swift; path = DataAppTests.swift; sourceTree = "<group>"; };
		21A1D0E621AC48DE00FC7B8E /* Info.plist */ = {isa = PBXFileReference; lastKnownFileType = text.plist.xml; path = Info.plist; sourceTree = "<group>"; };
		21A1D0EB21AC48DE00FC7B8E /* DataAppUITests.xctest */ = {isa = PBXFileReference; explicitFileType = wrapper.cfbundle; includeInIndex = 0; path = DataAppUITests.xctest; sourceTree = BUILT_PRODUCTS_DIR; };
		21A1D0EF21AC48DE00FC7B8E /* DataAppUITests.swift */ = {isa = PBXFileReference; lastKnownFileType = sourcecode.swift; path = DataAppUITests.swift; sourceTree = "<group>"; };
		21A1D0F121AC48DE00FC7B8E /* Info.plist */ = {isa = PBXFileReference; lastKnownFileType = text.plist.xml; path = Info.plist; sourceTree = "<group>"; };
/* End PBXFileReference section */

/* Begin PBXFrameworksBuildPhase section */
		21A1D0C921AC48DA00FC7B8E /* Frameworks */ = {
			isa = PBXFrameworksBuildPhase;
			buildActionMask = 2147483647;
			files = (
			);
			runOnlyForDeploymentPostprocessing = 0;
		};
		21A1D0DD21AC48DE00FC7B8E /* Frameworks */ = {
			isa = PBXFrameworksBuildPhase;
			buildActionMask = 2147483647;
			files = (
			);
			runOnlyForDeploymentPostprocessing = 0;
		};
		21A1D0E821AC48DE00FC7B8E /* Frameworks */ = {
			isa = PBXFrameworksBuildPhase;
			buildActionMask = 2147483647;
			files = (
			);
			runOnlyForDeploymentPostprocessing = 0;
		};
/* End PBXFrameworksBuildPhase section */

/* Begin PBXGroup section */
		21A1D0C321AC48DA00FC7B8E = {
			isa = PBXGroup;
			children = (
				21A1D0CE21AC48DA00FC7B8E /* DataApp */,
				21A1D0E321AC48DE00FC7B8E /* DataAppTests */,
				21A1D0EE21AC48DE00FC7B8E /* DataAppUITests */,
				21A1D0CD21AC48DA00FC7B8E /* Products */,
			);
			sourceTree = "<group>";
		};
		21A1D0CD21AC48DA00FC7B8E /* Products */ = {
			isa = PBXGroup;
			children = (
				21A1D0CC21AC48DA00FC7B8E /* DataApp.app */,
				21A1D0E021AC48DE00FC7B8E /* DataAppTests.xctest */,
				21A1D0EB21AC48DE00FC7B8E /* DataAppUITests.xctest */,
			);
			name = Products;
			sourceTree = "<group>";
		};
		21A1D0CE21AC48DA00FC7B8E /* DataApp */ = {
			isa = PBXGroup;
			children = (
				21A1D0FD21AC49AA00FC7B8E /* Resources */,
				21A1D0FF21AC4A2E00FC7B8E /* Controller */,
				21A1D0FE21AC49EB00FC7B8E /* View */,
			);
			path = DataApp;
			sourceTree = "<group>";
		};
		21A1D0E321AC48DE00FC7B8E /* DataAppTests */ = {
			isa = PBXGroup;
			children = (
				21A1D0E421AC48DE00FC7B8E /* DataAppTests.swift */,
				21A1D0E621AC48DE00FC7B8E /* Info.plist */,
			);
			path = DataAppTests;
			sourceTree = "<group>";
		};
		21A1D0EE21AC48DE00FC7B8E /* DataAppUITests */ = {
			isa = PBXGroup;
			children = (
				21A1D0EF21AC48DE00FC7B8E /* DataAppUITests.swift */,
				21A1D0F121AC48DE00FC7B8E /* Info.plist */,
			);
			path = DataAppUITests;
			sourceTree = "<group>";
		};
		21A1D0FD21AC49AA00FC7B8E /* Resources */ = {
			isa = PBXGroup;
			children = (
				21A1D0CF21AC48DA00FC7B8E /* AppDelegate.swift */,
				21A1D0D621AC48DE00FC7B8E /* Assets.xcassets */,
				21A1D0DB21AC48DE00FC7B8E /* Info.plist */,
			);
			path = Resources;
			sourceTree = "<group>";
		};
		21A1D0FE21AC49EB00FC7B8E /* View */ = {
			isa = PBXGroup;
			children = (
				21A1D0D321AC48DA00FC7B8E /* Main.storyboard */,
				21A1D0D821AC48DE00FC7B8E /* LaunchScreen.storyboard */,
			);
			path = View;
			sourceTree = "<group>";
		};
		21A1D0FF21AC4A2E00FC7B8E /* Controller */ = {
			isa = PBXGroup;
			children = (
				21A1D0D121AC48DA00FC7B8E /* ViewController.swift */,
			);
			path = Controller;
			sourceTree = "<group>";
		};
/* End PBXGroup section */

/* Begin PBXNativeTarget section */
		21A1D0CB21AC48DA00FC7B8E /* DataApp */ = {
			isa = PBXNativeTarget;
			buildConfigurationList = 21A1D0F421AC48DE00FC7B8E /* Build configuration list for PBXNativeTarget "DataApp" */;
			buildPhases = (
				21A1D0C821AC48DA00FC7B8E /* Sources */,
				21A1D0C921AC48DA00FC7B8E /* Frameworks */,
				21A1D0CA21AC48DA00FC7B8E /* Resources */,
			);
			buildRules = (
			);
			dependencies = (
			);
			name = DataApp;
			productName = DataApp;
			productReference = 21A1D0CC21AC48DA00FC7B8E /* DataApp.app */;
			productType = "com.apple.product-type.application";
		};
		21A1D0DF21AC48DE00FC7B8E /* DataAppTests */ = {
			isa = PBXNativeTarget;
			buildConfigurationList = 21A1D0F721AC48DE00FC7B8E /* Build configuration list for PBXNativeTarget "DataAppTests" */;
			buildPhases = (
				21A1D0DC21AC48DE00FC7B8E /* Sources */,
				21A1D0DD21AC48DE00FC7B8E /* Frameworks */,
				21A1D0DE21AC48DE00FC7B8E /* Resources */,
			);
			buildRules = (
			);
			dependencies = (
				21A1D0E221AC48DE00FC7B8E /* PBXTargetDependency */,
			);
			name = DataAppTests;
			productName = DataAppTests;
			productReference = 21A1D0E021AC48DE00FC7B8E /* DataAppTests.xctest */;
			productType = "com.apple.product-type.bundle.unit-test";
		};
		21A1D0EA21AC48DE00FC7B8E /* DataAppUITests */ = {
			isa = PBXNativeTarget;
			buildConfigurationList = 21A1D0FA21AC48DE00FC7B8E /* Build configuration list for PBXNativeTarget "DataAppUITests" */;
			buildPhases = (
				21A1D0E721AC48DE00FC7B8E /* Sources */,
				21A1D0E821AC48DE00FC7B8E /* Frameworks */,
				21A1D0E921AC48DE00FC7B8E /* Resources */,
			);
			buildRules = (
			);
			dependencies = (
				21A1D0ED21AC48DE00FC7B8E /* PBXTargetDependency */,
			);
			name = DataAppUITests;
			productName = DataAppUITests;
			productReference = 21A1D0EB21AC48DE00FC7B8E /* DataAppUITests.xctest */;
			productType = "com.apple.product-type.bundle.ui-testing";
		};
/* End PBXNativeTarget section */

/* Begin PBXProject section */
		21A1D0C421AC48DA00FC7B8E /* Project object */ = {
			isa = PBXProject;
			attributes = {
				LastSwiftUpdateCheck = 0940;
				LastUpgradeCheck = 0940;
				ORGANIZATIONNAME = CTEC;
				TargetAttributes = {
					21A1D0CB21AC48DA00FC7B8E = {
						CreatedOnToolsVersion = 9.4.1;
					};
					21A1D0DF21AC48DE00FC7B8E = {
						CreatedOnToolsVersion = 9.4.1;
						TestTargetID = 21A1D0CB21AC48DA00FC7B8E;
					};
					21A1D0EA21AC48DE00FC7B8E = {
						CreatedOnToolsVersion = 9.4.1;
						TestTargetID = 21A1D0CB21AC48DA00FC7B8E;
					};
				};
			};
			buildConfigurationList = 21A1D0C721AC48DA00FC7B8E /* Build configuration list for PBXProject "DataApp" */;
			compatibilityVersion = "Xcode 9.3";
			developmentRegion = en;
			hasScannedForEncodings = 0;
			knownRegions = (
				en,
				Base,
			);
			mainGroup = 21A1D0C321AC48DA00FC7B8E;
			productRefGroup = 21A1D0CD21AC48DA00FC7B8E /* Products */;
			projectDirPath = "";
			projectRoot = "";
			targets = (
				21A1D0CB21AC48DA00FC7B8E /* DataApp */,
				21A1D0DF21AC48DE00FC7B8E /* DataAppTests */,
				21A1D0EA21AC48DE00FC7B8E /* DataAppUITests */,
			);
		};
/* End PBXProject section */

/* Begin PBXResourcesBuildPhase section */
		21A1D0CA21AC48DA00FC7B8E /* Resources */ = {
			isa = PBXResourcesBuildPhase;
			buildActionMask = 2147483647;
			files = (
				21A1D0DA21AC48DE00FC7B8E /* LaunchScreen.storyboard in Resources */,
				21A1D0D721AC48DE00FC7B8E /* Assets.xcassets in Resources */,
				21A1D0D521AC48DA00FC7B8E /* Main.storyboard in Resources */,
			);
			runOnlyForDeploymentPostprocessing = 0;
		};
		21A1D0DE21AC48DE00FC7B8E /* Resources */ = {
			isa = PBXResourcesBuildPhase;
			buildActionMask = 2147483647;
			files = (
			);
			runOnlyForDeploymentPostprocessing = 0;
		};
		21A1D0E921AC48DE00FC7B8E /* Resources */ = {
			isa = PBXResourcesBuildPhase;
			buildActionMask = 2147483647;
			files = (
			);
			runOnlyForDeploymentPostprocessing = 0;
		};
/* End PBXResourcesBuildPhase section */

/* Begin PBXSourcesBuildPhase section */
		21A1D0C821AC48DA00FC7B8E /* Sources */ = {
			isa = PBXSourcesBuildPhase;
			buildActionMask = 2147483647;
			files = (
				21A1D0D221AC48DA00FC7B8E /* ViewController.swift in Sources */,
				21A1D0D021AC48DA00FC7B8E /* AppDelegate.swift in Sources */,
			);
			runOnlyForDeploymentPostprocessing = 0;
		};
		21A1D0DC21AC48DE00FC7B8E /* Sources */ = {
			isa = PBXSourcesBuildPhase;
			buildActionMask = 2147483647;
			files = (
				21A1D0E521AC48DE00FC7B8E /* DataAppTests.swift in Sources */,
			);
			runOnlyForDeploymentPostprocessing = 0;
		};
		21A1D0E721AC48DE00FC7B8E /* Sources */ = {
			isa = PBXSourcesBuildPhase;
			buildActionMask = 2147483647;
			files = (
				21A1D0F021AC48DE00FC7B8E /* DataAppUITests.swift in Sources */,
			);
			runOnlyForDeploymentPostprocessing = 0;
		};
/* End PBXSourcesBuildPhase section */

/* Begin PBXTargetDependency section */
		21A1D0E221AC48DE00FC7B8E /* PBXTargetDependency */ = {
			isa = PBXTargetDependency;
			target = 21A1D0CB21AC48DA00FC7B8E /* DataApp */;
			targetProxy = 21A1D0E121AC48DE00FC7B8E /* PBXContainerItemProxy */;
		};
		21A1D0ED21AC48DE00FC7B8E /* PBXTargetDependency */ = {
			isa = PBXTargetDependency;
			target = 21A1D0CB21AC48DA00FC7B8E /* DataApp */;
			targetProxy = 21A1D0EC21AC48DE00FC7B8E /* PBXContainerItemProxy */;
		};
/* End PBXTargetDependency section */

/* Begin PBXVariantGroup section */
		21A1D0D321AC48DA00FC7B8E /* Main.storyboard */ = {
			isa = PBXVariantGroup;
			children = (
				21A1D0D421AC48DA00FC7B8E /* Base */,
			);
			name = Main.storyboard;
			sourceTree = "<group>";
		};
		21A1D0D821AC48DE00FC7B8E /* LaunchScreen.storyboard */ = {
			isa = PBXVariantGroup;
			children = (
				21A1D0D921AC48DE00FC7B8E /* Base */,
			);
			name = LaunchScreen.storyboard;
			sourceTree = "<group>";
		};
/* End PBXVariantGroup section */

/* Begin XCBuildConfiguration section */
		21A1D0F221AC48DE00FC7B8E /* Debug */ = {
			isa = XCBuildConfiguration;
			buildSettings = {
				ALWAYS_SEARCH_USER_PATHS = NO;
				CLANG_ANALYZER_NONNULL = YES;
				CLANG_ANALYZER_NUMBER_OBJECT_CONVERSION = YES_AGGRESSIVE;
				CLANG_CXX_LANGUAGE_STANDARD = "gnu++14";
				CLANG_CXX_LIBRARY = "libc++";
				CLANG_ENABLE_MODULES = YES;
				CLANG_ENABLE_OBJC_ARC = YES;
				CLANG_ENABLE_OBJC_WEAK = YES;
				CLANG_WARN_BLOCK_CAPTURE_AUTORELEASING = YES;
				CLANG_WARN_BOOL_CONVERSION = YES;
				CLANG_WARN_COMMA = YES;
				CLANG_WARN_CONSTANT_CONVERSION = YES;
				CLANG_WARN_DEPRECATED_OBJC_IMPLEMENTATIONS = YES;
				CLANG_WARN_DIRECT_OBJC_ISA_USAGE = YES_ERROR;
				CLANG_WARN_DOCUMENTATION_COMMENTS = YES;
				CLANG_WARN_EMPTY_BODY = YES;
				CLANG_WARN_ENUM_CONVERSION = YES;
				CLANG_WARN_INFINITE_RECURSION = YES;
				CLANG_WARN_INT_CONVERSION = YES;
				CLANG_WARN_NON_LITERAL_NULL_CONVERSION = YES;
				CLANG_WARN_OBJC_IMPLICIT_RETAIN_SELF = YES;
				CLANG_WARN_OBJC_LITERAL_CONVERSION = YES;
				CLANG_WARN_OBJC_ROOT_CLASS = YES_ERROR;
				CLANG_WARN_RANGE_LOOP_ANALYSIS = YES;
				CLANG_WARN_STRICT_PROTOTYPES = YES;
				CLANG_WARN_SUSPICIOUS_MOVE = YES;
				CLANG_WARN_UNGUARDED_AVAILABILITY = YES_AGGRESSIVE;
				CLANG_WARN_UNREACHABLE_CODE = YES;
				CLANG_WARN__DUPLICATE_METHOD_MATCH = YES;
				CODE_SIGN_IDENTITY = "iPhone Developer";
				COPY_PHASE_STRIP = NO;
				DEBUG_INFORMATION_FORMAT = dwarf;
				ENABLE_STRICT_OBJC_MSGSEND = YES;
				ENABLE_TESTABILITY = YES;
				GCC_C_LANGUAGE_STANDARD = gnu11;
				GCC_DYNAMIC_NO_PIC = NO;
				GCC_NO_COMMON_BLOCKS = YES;
				GCC_OPTIMIZATION_LEVEL = 0;
				GCC_PREPROCESSOR_DEFINITIONS = (
					"DEBUG=1",
					"$(inherited)",
				);
				GCC_WARN_64_TO_32_BIT_CONVERSION = YES;
				GCC_WARN_ABOUT_RETURN_TYPE = YES_ERROR;
				GCC_WARN_UNDECLARED_SELECTOR = YES;
				GCC_WARN_UNINITIALIZED_AUTOS = YES_AGGRESSIVE;
				GCC_WARN_UNUSED_FUNCTION = YES;
				GCC_WARN_UNUSED_VARIABLE = YES;
				IPHONEOS_DEPLOYMENT_TARGET = 11.4;
				MTL_ENABLE_DEBUG_INFO = YES;
				ONLY_ACTIVE_ARCH = YES;
				SDKROOT = iphoneos;
				SWIFT_ACTIVE_COMPILATION_CONDITIONS = DEBUG;
				SWIFT_OPTIMIZATION_LEVEL = "-Onone";
			};
			name = Debug;
		};
		21A1D0F321AC48DE00FC7B8E /* Release */ = {
			isa = XCBuildConfiguration;
			buildSettings = {
				ALWAYS_SEARCH_USER_PATHS = NO;
				CLANG_ANALYZER_NONNULL = YES;
				CLANG_ANALYZER_NUMBER_OBJECT_CONVERSION = YES_AGGRESSIVE;
				CLANG_CXX_LANGUAGE_STANDARD = "gnu++14";
				CLANG_CXX_LIBRARY = "libc++";
				CLANG_ENABLE_MODULES = YES;
				CLANG_ENABLE_OBJC_ARC = YES;
				CLANG_ENABLE_OBJC_WEAK = YES;
				CLANG_WARN_BLOCK_CAPTURE_AUTORELEASING = YES;
				CLANG_WARN_BOOL_CONVERSION = YES;
				CLANG_WARN_COMMA = YES;
				CLANG_WARN_CONSTANT_CONVERSION = YES;
				CLANG_WARN_DEPRECATED_OBJC_IMPLEMENTATIONS = YES;
				CLANG_WARN_DIRECT_OBJC_ISA_USAGE = YES_ERROR;
				CLANG_WARN_DOCUMENTATION_COMMENTS = YES;
				CLANG_WARN_EMPTY_BODY = YES;
				CLANG_WARN_ENUM_CONVERSION = YES;
				CLANG_WARN_INFINITE_RECURSION = YES;
				CLANG_WARN_INT_CONVERSION = YES;
				CLANG_WARN_NON_LITERAL_NULL_CONVERSION = YES;
				CLANG_WARN_OBJC_IMPLICIT_RETAIN_SELF = YES;
				CLANG_WARN_OBJC_LITERAL_CONVERSION = YES;
				CLANG_WARN_OBJC_ROOT_CLASS = YES_ERROR;
				CLANG_WARN_RANGE_LOOP_ANALYSIS = YES;
				CLANG_WARN_STRICT_PROTOTYPES = YES;
				CLANG_WARN_SUSPICIOUS_MOVE = YES;
				CLANG_WARN_UNGUARDED_AVAILABILITY = YES_AGGRESSIVE;
				CLANG_WARN_UNREACHABLE_CODE = YES;
				CLANG_WARN__DUPLICATE_METHOD_MATCH = YES;
				CODE_SIGN_IDENTITY = "iPhone Developer";
				COPY_PHASE_STRIP = NO;
				DEBUG_INFORMATION_FORMAT = "dwarf-with-dsym";
				ENABLE_NS_ASSERTIONS = NO;
				ENABLE_STRICT_OBJC_MSGSEND = YES;
				GCC_C_LANGUAGE_STANDARD = gnu11;
				GCC_NO_COMMON_BLOCKS = YES;
				GCC_WARN_64_TO_32_BIT_CONVERSION = YES;
				GCC_WARN_ABOUT_RETURN_TYPE = YES_ERROR;
				GCC_WARN_UNDECLARED_SELECTOR = YES;
				GCC_WARN_UNINITIALIZED_AUTOS = YES_AGGRESSIVE;
				GCC_WARN_UNUSED_FUNCTION = YES;
				GCC_WARN_UNUSED_VARIABLE = YES;
				IPHONEOS_DEPLOYMENT_TARGET = 11.4;
				MTL_ENABLE_DEBUG_INFO = NO;
				SDKROOT = iphoneos;
				SWIFT_COMPILATION_MODE = wholemodule;
				SWIFT_OPTIMIZATION_LEVEL = "-O";
				VALIDATE_PRODUCT = YES;
			};
			name = Release;
		};
		21A1D0F521AC48DE00FC7B8E /* Debug */ = {
			isa = XCBuildConfiguration;
			buildSettings = {
				ASSETCATALOG_COMPILER_APPICON_NAME = AppIcon;
				CODE_SIGN_STYLE = Automatic;
				INFOPLIST_FILE = DataApp/Info.plist;
				LD_RUNPATH_SEARCH_PATHS = (
					"$(inherited)",
					"@executable_path/Frameworks",
				);
				PRODUCT_BUNDLE_IDENTIFIER = CTEC.DataApp;
				PRODUCT_NAME = "$(TARGET_NAME)";
				SWIFT_VERSION = 4.0;
				TARGETED_DEVICE_FAMILY = "1,2";
			};
			name = Debug;
		};
		21A1D0F621AC48DE00FC7B8E /* Release */ = {
			isa = XCBuildConfiguration;
			buildSettings = {
				ASSETCATALOG_COMPILER_APPICON_NAME = AppIcon;
				CODE_SIGN_STYLE = Automatic;
				INFOPLIST_FILE = DataApp/Info.plist;
				LD_RUNPATH_SEARCH_PATHS = (
					"$(inherited)",
					"@executable_path/Frameworks",
				);
				PRODUCT_BUNDLE_IDENTIFIER = CTEC.DataApp;
				PRODUCT_NAME = "$(TARGET_NAME)";
				SWIFT_VERSION = 4.0;
				TARGETED_DEVICE_FAMILY = "1,2";
			};
			name = Release;
		};
		21A1D0F821AC48DE00FC7B8E /* Debug */ = {
			isa = XCBuildConfiguration;
			buildSettings = {
				ALWAYS_EMBED_SWIFT_STANDARD_LIBRARIES = YES;
				BUNDLE_LOADER = "$(TEST_HOST)";
				CODE_SIGN_STYLE = Automatic;
				INFOPLIST_FILE = DataAppTests/Info.plist;
				LD_RUNPATH_SEARCH_PATHS = (
					"$(inherited)",
					"@executable_path/Frameworks",
					"@loader_path/Frameworks",
				);
				PRODUCT_BUNDLE_IDENTIFIER = CTEC.DataAppTests;
				PRODUCT_NAME = "$(TARGET_NAME)";
				SWIFT_VERSION = 4.0;
				TARGETED_DEVICE_FAMILY = "1,2";
				TEST_HOST = "$(BUILT_PRODUCTS_DIR)/DataApp.app/DataApp";
			};
			name = Debug;
		};
		21A1D0F921AC48DE00FC7B8E /* Release */ = {
			isa = XCBuildConfiguration;
			buildSettings = {
				ALWAYS_EMBED_SWIFT_STANDARD_LIBRARIES = YES;
				BUNDLE_LOADER = "$(TEST_HOST)";
				CODE_SIGN_STYLE = Automatic;
				INFOPLIST_FILE = DataAppTests/Info.plist;
				LD_RUNPATH_SEARCH_PATHS = (
					"$(inherited)",
					"@executable_path/Frameworks",
					"@loader_path/Frameworks",
				);
				PRODUCT_BUNDLE_IDENTIFIER = CTEC.DataAppTests;
				PRODUCT_NAME = "$(TARGET_NAME)";
				SWIFT_VERSION = 4.0;
				TARGETED_DEVICE_FAMILY = "1,2";
				TEST_HOST = "$(BUILT_PRODUCTS_DIR)/DataApp.app/DataApp";
			};
			name = Release;
		};
		21A1D0FB21AC48DE00FC7B8E /* Debug */ = {
			isa = XCBuildConfiguration;
			buildSettings = {
				ALWAYS_EMBED_SWIFT_STANDARD_LIBRARIES = YES;
				CODE_SIGN_STYLE = Automatic;
				INFOPLIST_FILE = DataAppUITests/Info.plist;
				LD_RUNPATH_SEARCH_PATHS = (
					"$(inherited)",
					"@executable_path/Frameworks",
					"@loader_path/Frameworks",
				);
				PRODUCT_BUNDLE_IDENTIFIER = CTEC.DataAppUITests;
				PRODUCT_NAME = "$(TARGET_NAME)";
				SWIFT_VERSION = 4.0;
				TARGETED_DEVICE_FAMILY = "1,2";
				TEST_TARGET_NAME = DataApp;
			};
			name = Debug;
		};
		21A1D0FC21AC48DE00FC7B8E /* Release */ = {
			isa = XCBuildConfiguration;
			buildSettings = {
				ALWAYS_EMBED_SWIFT_STANDARD_LIBRARIES = YES;
				CODE_SIGN_STYLE = Automatic;
				INFOPLIST_FILE = DataAppUITests/Info.plist;
				LD_RUNPATH_SEARCH_PATHS = (
					"$(inherited)",
					"@executable_path/Frameworks",
					"@loader_path/Frameworks",
				);
				PRODUCT_BUNDLE_IDENTIFIER = CTEC.DataAppUITests;
				PRODUCT_NAME = "$(TARGET_NAME)";
				SWIFT_VERSION = 4.0;
				TARGETED_DEVICE_FAMILY = "1,2";
				TEST_TARGET_NAME = DataApp;
			};
			name = Release;
		};
/* End XCBuildConfiguration section */

/* Begin XCConfigurationList section */
		21A1D0C721AC48DA00FC7B8E /* Build configuration list for PBXProject "DataApp" */ = {
			isa = XCConfigurationList;
			buildConfigurations = (
				21A1D0F221AC48DE00FC7B8E /* Debug */,
				21A1D0F321AC48DE00FC7B8E /* Release */,
			);
			defaultConfigurationIsVisible = 0;
			defaultConfigurationName = Release;
		};
		21A1D0F421AC48DE00FC7B8E /* Build configuration list for PBXNativeTarget "DataApp" */ = {
			isa = XCConfigurationList;
			buildConfigurations = (
				21A1D0F521AC48DE00FC7B8E /* Debug */,
				21A1D0F621AC48DE00FC7B8E /* Release */,
			);
			defaultConfigurationIsVisible = 0;
			defaultConfigurationName = Release;
		};
		21A1D0F721AC48DE00FC7B8E /* Build configuration list for PBXNativeTarget "DataAppTests" */ = {
			isa = XCConfigurationList;
			buildConfigurations = (
				21A1D0F821AC48DE00FC7B8E /* Debug */,
				21A1D0F921AC48DE00FC7B8E /* Release */,
			);
			defaultConfigurationIsVisible = 0;
			defaultConfigurationName = Release;
		};
		21A1D0FA21AC48DE00FC7B8E /* Build configuration list for PBXNativeTarget "DataAppUITests" */ = {
			isa = XCConfigurationList;
			buildConfigurations = (
				21A1D0FB21AC48DE00FC7B8E /* Debug */,
				21A1D0FC21AC48DE00FC7B8E /* Release */,
			);
			defaultConfigurationIsVisible = 0;
			defaultConfigurationName = Release;
		};
/* End XCConfigurationList section */
	};
	rootObject = 21A1D0C421AC48DA00FC7B8E /* Project object */;
}
